
Microsoft Visual Studio Solution File, Format Version 12.00
# Visual Studio 15
VisualStudioVersion = 15.0.28307.168
MinimumVisualStudioVersion = 10.0.40219.1
Project("{FAE04EC0-301F-11D3-BF4B-00C04F79EFBC}") = "App01_LayoutXF.Android", "App01_LayoutXF\App01_LayoutXF.Android\App01_LayoutXF.Android.csproj", "{7C32AD90-A020-4463-A50C-9667396E9072}"
EndProject
Project("{FAE04EC0-301F-11D3-BF4B-00C04F79EFBC}") = "App01_LayoutXF.iOS", "App01_LayoutXF\App01_LayoutXF.iOS\App01_LayoutXF.iOS.csproj", "{B6AEDA81-CBDF-4A0D-AC14-9D0EC66D8D49}"
EndProject
Project("{FAE04EC0-301F-11D3-BF4B-00C04F79EFBC}") = "App01_LayoutXF.UWP", "App01_LayoutXF\App01_LayoutXF.UWP\App01_LayoutXF.UWP.csproj", "{DE33D39E-5446-4D01-8A29-2D151A34828A}"
EndProject
Project("{FAE04EC0-301F-11D3-BF4B-00C04F79EFBC}") = "App01_LayoutXF", "App01_LayoutXF\App01_LayoutXF\App01_LayoutXF.csproj", "{DFB52446-64F1-4E95-AA1E-25A13B3BBE2D}"
EndProject
Global
	GlobalSection(SolutionConfigurationPlatforms) = preSolution
		Ad-Hoc|Any CPU = Ad-Hoc|Any CPU
		Ad-Hoc|ARM = Ad-Hoc|ARM
		Ad-Hoc|iPhone = Ad-Hoc|iPhone
		Ad-Hoc|iPhoneSimulator = Ad-Hoc|iPhoneSimulator
		Ad-Hoc|x64 = Ad-Hoc|x64
		Ad-Hoc|x86 = Ad-Hoc|x86
		AppStore|Any CPU = AppStore|Any CPU
		AppStore|ARM = AppStore|ARM
		AppStore|iPhone = AppStore|iPhone
		AppStore|iPhoneSimulator = AppStore|iPhoneSimulator
		AppStore|x64 = AppStore|x64
		AppStore|x86 = AppStore|x86
		Debug|Any CPU = Debug|Any CPU
		Debug|ARM = Debug|ARM
		Debug|iPhone = Debug|iPhone
		Debug|iPhoneSimulator = Debug|iPhoneSimulator
		Debug|x64 = Debug|x64
		Debug|x86 = Debug|x86
		Release|Any CPU = Release|Any CPU
		Release|ARM = Release|ARM
		Release|iPhone = Release|iPhone
		Release|iPhoneSimulator = Release|iPhoneSimulator
		Release|x64 = Release|x64
		Release|x86 = Release|x86
	EndGlobalSection
	GlobalSection(ProjectConfigurationPlatforms) = postSolution
		{7C32AD90-A020-4463-A50C-9667396E9072}.Ad-Hoc|Any CPU.ActiveCfg = Release|Any CPU
		{7C32AD90-A020-4463-A50C-9667396E9072}.Ad-Hoc|Any CPU.Build.0 = Release|Any CPU
		{7C32AD90-A020-4463-A50C-9667396E9072}.Ad-Hoc|Any CPU.Deploy.0 = Release|Any CPU
		{7C32AD90-A020-4463-A50C-9667396E9072}.Ad-Hoc|ARM.ActiveCfg = Release|Any CPU
		{7C32AD90-A020-4463-A50C-9667396E9072}.Ad-Hoc|ARM.Build.0 = Release|Any CPU
		{7C32AD90-A020-4463-A50C-9667396E9072}.Ad-Hoc|ARM.Deploy.0 = Release|Any CPU
		{7C32AD90-A020-4463-A50C-9667396E9072}.Ad-Hoc|iPhone.ActiveCfg = Release|Any CPU
		{7C32AD90-A020-4463-A50C-9667396E9072}.Ad-Hoc|iPhone.Build.0 = Release|Any CPU
		{7C32AD90-A020-4463-A50C-9667396E9072}.Ad-Hoc|iPhone.Deploy.0 = Release|Any CPU
		{7C32AD90-A020-4463-A50C-9667396E9072}.Ad-Hoc|iPhoneSimulator.ActiveCfg = Release|Any CPU
		{7C32AD90-A020-4463-A50C-9667396E9072}.Ad-Hoc|iPhoneSimulator.Build.0 = Release|Any CPU
		{7C32AD90-A020-4463-A50C-9667396E9072}.Ad-Hoc|iPhoneSimulator.Deploy.0 = Release|Any CPU
		{7C32AD90-A020-4463-A50C-9667396E9072}.Ad-Hoc|x64.ActiveCfg = Release|Any CPU
		{7C32AD90-A020-4463-A50C-9667396E9072}.Ad-Hoc|x64.Build.0 = Release|Any CPU
		{7C32AD90-A020-4463-A50C-9667396E9072}.Ad-Hoc|x64.Deploy.0 = Release|Any CPU
		{7C32AD90-A020-4463-A50C-9667396E9072}.Ad-Hoc|x86.ActiveCfg = Release|Any CPU
		{7C32AD90-A020-4463-A50C-9667396E9072}.Ad-Hoc|x86.Build.0 = Release|Any CPU
		{7C32AD90-A020-4463-A50C-9667396E9072}.Ad-Hoc|x86.Deploy.0 = Release|Any CPU
		{7C32AD90-A020-4463-A50C-9667396E9072}.AppStore|Any CPU.ActiveCfg = Release|Any CPU
		{7C32AD90-A020-4463-A50C-9667396E9072}.AppStore|Any CPU.Build.0 = Release|Any CPU
		{7C32AD90-A020-4463-A50C-9667396E9072}.AppStore|Any CPU.Deploy.0 = Release|Any CPU
		{7C32AD90-A020-4463-A50C-9667396E9072}.AppStore|ARM.ActiveCfg = Release|Any CPU
		{7C32AD90-A020-4463-A50C-9667396E9072}.AppStore|ARM.Build.0 = Release|Any CPU
		{7C32AD90-A020-4463-A50C-9667396E9072}.AppStore|ARM.Deploy.0 = Release|Any CPU
		{7C32AD90-A020-4463-A50C-9667396E9072}.AppStore|iPhone.ActiveCfg = Release|Any CPU
		{7C32AD90-A020-4463-A50C-9667396E9072}.AppStore|iPhone.Build.0 = Release|Any CPU
		{7C32AD90-A020-4463-A50C-9667396E9072}.AppStore|iPhone.Deploy.0 = Release|Any CPU
		{7C32AD90-A020-4463-A50C-9667396E9072}.AppStore|iPhoneSimulator.ActiveCfg = Release|Any CPU
		{7C32AD90-A020-4463-A50C-9667396E9072}.AppStore|iPhoneSimulator.Build.0 = Release|Any CPU
		{7C32AD90-A020-4463-A50C-9667396E9072}.AppStore|iPhoneSimulator.Deploy.0 = Release|Any CPU
		{7C32AD90-A020-4463-A50C-9667396E9072}.AppStore|x64.ActiveCfg = Release|Any CPU
		{7C32AD90-A020-4463-A50C-9667396E9072}.AppStore|x64.Build.0 = Release|Any CPU
		{7C32AD90-A020-4463-A50C-9667396E9072}.AppStore|x64.Deploy.0 = Release|Any CPU
		{7C32AD90-A020-4463-A50C-9667396E9072}.AppStore|x86.ActiveCfg = Release|Any CPU
		{7C32AD90-A020-4463-A50C-9667396E9072}.AppStore|x86.Build.0 = Release|Any CPU
		{7C32AD90-A020-4463-A50C-9667396E9072}.AppStore|x86.Deploy.0 = Release|Any CPU
		{7C32AD90-A020-4463-A50C-9667396E9072}.Debug|Any CPU.ActiveCfg = Debug|Any CPU
		{7C32AD90-A020-4463-A50C-9667396E9072}.Debug|Any CPU.Build.0 = Debug|Any CPU
		{7C32AD90-A020-4463-A50C-9667396E9072}.Debug|Any CPU.Deploy.0 = Debug|Any CPU
		{7C32AD90-A020-4463-A50C-9667396E9072}.Debug|ARM.ActiveCfg = Debug|Any CPU
		{7C32AD90-A020-4463-A50C-9667396E9072}.Debug|ARM.Build.0 = Debug|Any CPU
		{7C32AD90-A020-4463-A50C-9667396E9072}.Debug|ARM.Deploy.0 = Debug|Any CPU
		{7C32AD90-A020-4463-A50C-9667396E9072}.Debug|iPhone.ActiveCfg = Debug|Any CPU
		{7C32AD90-A020-4463-A50C-9667396E9072}.Debug|iPhone.Build.0 = Debug|Any CPU
		{7C32AD90-A020-4463-A50C-9667396E9072}.Debug|iPhone.Deploy.0 = Debug|Any CPU
		{7C32AD90-A020-4463-A50C-9667396E9072}.Debug|iPhoneSimulator.ActiveCfg = Debug|Any CPU
		{7C32AD90-A020-4463-A50C-9667396E9072}.Debug|iPhoneSimulator.Build.0 = Debug|Any CPU
		{7C32AD90-A020-4463-A50C-9667396E9072}.Debug|iPhoneSimulator.Deploy.0 = Debug|Any CPU
		{7C32AD90-A020-4463-A50C-9667396E9072}.Debug|x64.ActiveCfg = Debug|Any CPU
		{7C32AD90-A020-4463-A50C-9667396E9072}.Debug|x64.Build.0 = Debug|Any CPU
		{7C32AD90-A020-4463-A50C-9667396E9072}.Debug|x64.Deploy.0 = Debug|Any CPU
		{7C32AD90-A020-4463-A50C-9667396E9072}.Debug|x86.ActiveCfg = Debug|Any CPU
		{7C32AD90-A020-4463-A50C-9667396E9072}.Debug|x86.Build.0 = Debug|Any CPU
		{7C32AD90-A020-4463-A50C-9667396E9072}.Debug|x86.Deploy.0 = Debug|Any CPU
		{7C32AD90-A020-4463-A50C-9667396E9072}.Release|Any CPU.ActiveCfg = Release|Any CPU
		{7C32AD90-A020-4463-A50C-9667396E9072}.Release|Any CPU.Build.0 = Release|Any CPU
		{7C32AD90-A020-4463-A50C-9667396E9072}.Release|Any CPU.Deploy.0 = Release|Any CPU
		{7C32AD90-A020-4463-A50C-9667396E9072}.Release|ARM.ActiveCfg = Release|Any CPU
		{7C32AD90-A020-4463-A50C-9667396E9072}.Release|ARM.Build.0 = Release|Any CPU
		{7C32AD90-A020-4463-A50C-9667396E9072}.Release|ARM.Deploy.0 = Release|Any CPU
		{7C32AD90-A020-4463-A50C-9667396E9072}.Release|iPhone.ActiveCfg = Release|Any CPU
		{7C32AD90-A020-4463-A50C-9667396E9072}.Release|iPhone.Build.0 = Release|Any CPU
		{7C32AD90-A020-4463-A50C-9667396E9072}.Release|iPhone.Deploy.0 = Release|Any CPU
		{7C32AD90-A020-4463-A50C-9667396E9072}.Release|iPhoneSimulator.ActiveCfg = Release|Any CPU
		{7C32AD90-A020-4463-A50C-9667396E9072}.Release|iPhoneSimulator.Build.0 = Release|Any CPU
		{7C32AD90-A020-4463-A50C-9667396E9072}.Release|iPhoneSimulator.Deploy.0 = Release|Any CPU
		{7C32AD90-A020-4463-A50C-9667396E9072}.Release|x64.ActiveCfg = Release|Any CPU
		{7C32AD90-A020-4463-A50C-9667396E9072}.Release|x64.Build.0 = Release|Any CPU
		{7C32AD90-A020-4463-A50C-9667396E9072}.Release|x64.Deploy.0 = Release|Any CPU
		{7C32AD90-A020-4463-A50C-9667396E9072}.Release|x86.ActiveCfg = Release|Any CPU
		{7C32AD90-A020-4463-A50C-9667396E9072}.Release|x86.Build.0 = Release|Any CPU
		{7C32AD90-A020-4463-A50C-9667396E9072}.Release|x86.Deploy.0 = Release|Any CPU
		{B6AEDA81-CBDF-4A0D-AC14-9D0EC66D8D49}.Ad-Hoc|Any CPU.ActiveCfg = Ad-Hoc|iPhone
		{B6AEDA81-CBDF-4A0D-AC14-9D0EC66D8D49}.Ad-Hoc|Any CPU.Build.0 = Ad-Hoc|iPhone
		{B6AEDA81-CBDF-4A0D-AC14-9D0EC66D8D49}.Ad-Hoc|Any CPU.Deploy.0 = Ad-Hoc|iPhone
		{B6AEDA81-CBDF-4A0D-AC14-9D0EC66D8D49}.Ad-Hoc|ARM.ActiveCfg = Ad-Hoc|iPhone
		{B6AEDA81-CBDF-4A0D-AC14-9D0EC66D8D49}.Ad-Hoc|ARM.Build.0 = Ad-Hoc|iPhone
		{B6AEDA81-CBDF-4A0D-AC14-9D0EC66D8D49}.Ad-Hoc|ARM.Deploy.0 = Ad-Hoc|iPhone
		{B6AEDA81-CBDF-4A0D-AC14-9D0EC66D8D49}.Ad-Hoc|iPhone.ActiveCfg = Ad-Hoc|iPhone
		{B6AEDA81-CBDF-4A0D-AC14-9D0EC66D8D49}.Ad-Hoc|iPhone.Build.0 = Ad-Hoc|iPhone
		{B6AEDA81-CBDF-4A0D-AC14-9D0EC66D8D49}.Ad-Hoc|iPhone.Deploy.0 = Ad-Hoc|iPhone
		{B6AEDA81-CBDF-4A0D-AC14-9D0EC66D8D49}.Ad-Hoc|iPhoneSimulator.ActiveCfg = Ad-Hoc|iPhoneSimulator
		{B6AEDA81-CBDF-4A0D-AC14-9D0EC66D8D49}.Ad-Hoc|iPhoneSimulator.Build.0 = Ad-Hoc|iPhoneSimulator
		{B6AEDA81-CBDF-4A0D-AC14-9D0EC66D8D49}.Ad-Hoc|iPhoneSimulator.Deploy.0 = Ad-Hoc|iPhoneSimulator
		{B6AEDA81-CBDF-4A0D-AC14-9D0EC66D8D49}.Ad-Hoc|x64.ActiveCfg = Ad-Hoc|iPhone
		{B6AEDA81-CBDF-4A0D-AC14-9D0EC66D8D49}.Ad-Hoc|x64.Build.0 = Ad-Hoc|iPhone
		{B6AEDA81-CBDF-4A0D-AC14-9D0EC66D8D49}.Ad-Hoc|x64.Deploy.0 = Ad-Hoc|iPhone
		{B6AEDA81-CBDF-4A0D-AC14-9D0EC66D8D49}.Ad-Hoc|x86.ActiveCfg = Ad-Hoc|iPhone
		{B6AEDA81-CBDF-4A0D-AC14-9D0EC66D8D49}.Ad-Hoc|x86.Build.0 = Ad-Hoc|iPhone
		{B6AEDA81-CBDF-4A0D-AC14-9D0EC66D8D49}.Ad-Hoc|x86.Deploy.0 = Ad-Hoc|iPhone
		{B6AEDA81-CBDF-4A0D-AC14-9D0EC66D8D49}.AppStore|Any CPU.ActiveCfg = AppStore|iPhone
		{B6AEDA81-CBDF-4A0D-AC14-9D0EC66D8D49}.AppStore|Any CPU.Build.0 = AppStore|iPhone
		{B6AEDA81-CBDF-4A0D-AC14-9D0EC66D8D49}.AppStore|Any CPU.Deploy.0 = AppStore|iPhone
		{B6AEDA81-CBDF-4A0D-AC14-9D0EC66D8D49}.AppStore|ARM.ActiveCfg = AppStore|iPhone
		{B6AEDA81-CBDF-4A0D-AC14-9D0EC66D8D49}.AppStore|ARM.Build.0 = AppStore|iPhone
		{B6AEDA81-CBDF-4A0D-AC14-9D0EC66D8D49}.AppStore|ARM.Deploy.0 = AppStore|iPhone
		{B6AEDA81-CBDF-4A0D-AC14-9D0EC66D8D49}.AppStore|iPhone.ActiveCfg = AppStore|iPhone
		{B6AEDA81-CBDF-4A0D-AC14-9D0EC66D8D49}.AppStore|iPhone.Build.0 = AppStore|iPhone
		{B6AEDA81-CBDF-4A0D-AC14-9D0EC66D8D49}.AppStore|iPhone.Deploy.0 = AppStore|iPhone
		{B6AEDA81-CBDF-4A0D-AC14-9D0EC66D8D49}.AppStore|iPhoneSimulator.ActiveCfg = AppStore|iPhoneSimulator
		{B6AEDA81-CBDF-4A0D-AC14-9D0EC66D8D49}.AppStore|iPhoneSimulator.Build.0 = AppStore|iPhoneSimulator
		{B6AEDA81-CBDF-4A0D-AC14-9D0EC66D8D49}.AppStore|iPhoneSimulator.Deploy.0 = AppStore|iPhoneSimulator
		{B6AEDA81-CBDF-4A0D-AC14-9D0EC66D8D49}.AppStore|x64.ActiveCfg = AppStore|iPhone
		{B6AEDA81-CBDF-4A0D-AC14-9D0EC66D8D49}.AppStore|x64.Build.0 = AppStore|iPhone
		{B6AEDA81-CBDF-4A0D-AC14-9D0EC66D8D49}.AppStore|x64.Deploy.0 = AppStore|iPhone
		{B6AEDA81-CBDF-4A0D-AC14-9D0EC66D8D49}.AppStore|x86.ActiveCfg = AppStore|iPhone
		{B6AEDA81-CBDF-4A0D-AC14-9D0EC66D8D49}.AppStore|x86.Build.0 = AppStore|iPhone
		{B6AEDA81-CBDF-4A0D-AC14-9D0EC66D8D49}.AppStore|x86.Deploy.0 = AppStore|iPhone
		{B6AEDA81-CBDF-4A0D-AC14-9D0EC66D8D49}.Debug|Any CPU.ActiveCfg = Debug|iPhoneSimulator
		{B6AEDA81-CBDF-4A0D-AC14-9D0EC66D8D49}.Debug|Any CPU.Build.0 = Debug|iPhoneSimulator
		{B6AEDA81-CBDF-4A0D-AC14-9D0EC66D8D49}.Debug|Any CPU.Deploy.0 = Debug|iPhoneSimulator
		{B6AEDA81-CBDF-4A0D-AC14-9D0EC66D8D49}.Debug|ARM.ActiveCfg = Debug|iPhone
		{B6AEDA81-CBDF-4A0D-AC14-9D0EC66D8D49}.Debug|ARM.Build.0 = Debug|iPhone
		{B6AEDA81-CBDF-4A0D-AC14-9D0EC66D8D49}.Debug|ARM.Deploy.0 = Debug|iPhone
		{B6AEDA81-CBDF-4A0D-AC14-9D0EC66D8D49}.Debug|iPhone.ActiveCfg = Debug|iPhone
		{B6AEDA81-CBDF-4A0D-AC14-9D0EC66D8D49}.Debug|iPhone.Build.0 = Debug|iPhone
		{B6AEDA81-CBDF-4A0D-AC14-9D0EC66D8D49}.Debug|iPhone.Deploy.0 = Debug|iPhone
		{B6AEDA81-CBDF-4A0D-AC14-9D0EC66D8D49}.Debug|iPhoneSimulator.ActiveCfg = Debug|iPhoneSimulator
		{B6AEDA81-CBDF-4A0D-AC14-9D0EC66D8D49}.Debug|iPhoneSimulator.Build.0 = Debug|iPhoneSimulator
		{B6AEDA81-CBDF-4A0D-AC14-9D0EC66D8D49}.Debug|iPhoneSimulator.Deploy.0 = Debug|iPhoneSimulator
		{B6AEDA81-CBDF-4A0D-AC14-9D0EC66D8D49}.Debug|x64.ActiveCfg = Debug|iPhone
		{B6AEDA81-CBDF-4A0D-AC14-9D0EC66D8D49}.Debug|x64.Build.0 = Debug|iPhone
		{B6AEDA81-CBDF-4A0D-AC14-9D0EC66D8D49}.Debug|x64.Deploy.0 = Debug|iPhone
		{B6AEDA81-CBDF-4A0D-AC14-9D0EC66D8D49}.Debug|x86.ActiveCfg = Debug|iPhone
		{B6AEDA81-CBDF-4A0D-AC14-9D0EC66D8D49}.Debug|x86.Build.0 = Debug|iPhone
		{B6AEDA81-CBDF-4A0D-AC14-9D0EC66D8D49}.Debug|x86.Deploy.0 = Debug|iPhone
		{B6AEDA81-CBDF-4A0D-AC14-9D0EC66D8D49}.Release|Any CPU.ActiveCfg = Release|iPhone
		{B6AEDA81-CBDF-4A0D-AC14-9D0EC66D8D49}.Release|Any CPU.Build.0 = Release|iPhone
		{B6AEDA81-CBDF-4A0D-AC14-9D0EC66D8D49}.Release|Any CPU.Deploy.0 = Release|iPhone
		{B6AEDA81-CBDF-4A0D-AC14-9D0EC66D8D49}.Release|ARM.ActiveCfg = Release|iPhone
		{B6AEDA81-CBDF-4A0D-AC14-9D0EC66D8D49}.Release|ARM.Build.0 = Release|iPhone
		{B6AEDA81-CBDF-4A0D-AC14-9D0EC66D8D49}.Release|ARM.Deploy.0 = Release|iPhone
		{B6AEDA81-CBDF-4A0D-AC14-9D0EC66D8D49}.Release|iPhone.ActiveCfg = Release|iPhone
		{B6AEDA81-CBDF-4A0D-AC14-9D0EC66D8D49}.Release|iPhone.Build.0 = Release|iPhone
		{B6AEDA81-CBDF-4A0D-AC14-9D0EC66D8D49}.Release|iPhone.Deploy.0 = Release|iPhone
		{B6AEDA81-CBDF-4A0D-AC14-9D0EC66D8D49}.Release|iPhoneSimulator.ActiveCfg = Release|iPhoneSimulator
		{B6AEDA81-CBDF-4A0D-AC14-9D0EC66D8D49}.Release|iPhoneSimulator.Build.0 = Release|iPhoneSimulator
		{B6AEDA81-CBDF-4A0D-AC14-9D0EC66D8D49}.Release|iPhoneSimulator.Deploy.0 = Release|iPhoneSimulator
		{B6AEDA81-CBDF-4A0D-AC14-9D0EC66D8D49}.Release|x64.ActiveCfg = Release|iPhone
		{B6AEDA81-CBDF-4A0D-AC14-9D0EC66D8D49}.Release|x64.Build.0 = Release|iPhone
		{B6AEDA81-CBDF-4A0D-AC14-9D0EC66D8D49}.Release|x64.Deploy.0 = Release|iPhone
		{B6AEDA81-CBDF-4A0D-AC14-9D0EC66D8D49}.Release|x86.ActiveCfg = Release|iPhone
		{B6AEDA81-CBDF-4A0D-AC14-9D0EC66D8D49}.Release|x86.Build.0 = Release|iPhone
		{B6AEDA81-CBDF-4A0D-AC14-9D0EC66D8D49}.Release|x86.Deploy.0 = Release|iPhone
		{DE33D39E-5446-4D01-8A29-2D151A34828A}.Ad-Hoc|Any CPU.ActiveCfg = Release|x86
		{DE33D39E-5446-4D01-8A29-2D151A34828A}.Ad-Hoc|Any CPU.Build.0 = Release|x86
		{DE33D39E-5446-4D01-8A29-2D151A34828A}.Ad-Hoc|Any CPU.Deploy.0 = Release|x86
		{DE33D39E-5446-4D01-8A29-2D151A34828A}.Ad-Hoc|ARM.ActiveCfg = Release|ARM
		{DE33D39E-5446-4D01-8A29-2D151A34828A}.Ad-Hoc|ARM.Build.0 = Release|ARM
		{DE33D39E-5446-4D01-8A29-2D151A34828A}.Ad-Hoc|ARM.Deploy.0 = Release|ARM
		{DE33D39E-5446-4D01-8A29-2D151A34828A}.Ad-Hoc|iPhone.ActiveCfg = Release|x86
		{DE33D39E-5446-4D01-8A29-2D151A34828A}.Ad-Hoc|iPhone.Build.0 = Release|x86
		{DE33D39E-5446-4D01-8A29-2D151A34828A}.Ad-Hoc|iPhone.Deploy.0 = Release|x86
		{DE33D39E-5446-4D01-8A29-2D151A34828A}.Ad-Hoc|iPhoneSimulator.ActiveCfg = Release|x86
		{DE33D39E-5446-4D01-8A29-2D151A34828A}.Ad-Hoc|iPhoneSimulator.Build.0 = Release|x86
		{DE33D39E-5446-4D01-8A29-2D151A34828A}.Ad-Hoc|iPhoneSimulator.Deploy.0 = Release|x86
		{DE33D39E-5446-4D01-8A29-2D151A34828A}.Ad-Hoc|x64.ActiveCfg = Release|x64
		{DE33D39E-5446-4D01-8A29-2D151A34828A}.Ad-Hoc|x64.Build.0 = Release|x64
		{DE33D39E-5446-4D01-8A29-2D151A34828A}.Ad-Hoc|x64.Deploy.0 = Release|x64
		{DE33D39E-5446-4D01-8A29-2D151A34828A}.Ad-Hoc|x86.ActiveCfg = Release|x86
		{DE33D39E-5446-4D01-8A29-2D151A34828A}.Ad-Hoc|x86.Build.0 = Release|x86
		{DE33D39E-5446-4D01-8A29-2D151A34828A}.Ad-Hoc|x86.Deploy.0 = Release|x86
		{DE33D39E-5446-4D01-8A29-2D151A34828A}.AppStore|Any CPU.ActiveCfg = Release|x86
		{DE33D39E-5446-4D01-8A29-2D151A34828A}.AppStore|Any CPU.Build.0 = Release|x86
		{DE33D39E-5446-4D01-8A29-2D151A34828A}.AppStore|Any CPU.Deploy.0 = Release|x86
		{DE33D39E-5446-4D01-8A29-2D151A34828A}.AppStore|ARM.ActiveCfg = Release|ARM
		{DE33D39E-5446-4D01-8A29-2D151A34828A}.AppStore|ARM.Build.0 = Release|ARM
		{DE33D39E-5446-4D01-8A29-2D151A34828A}.AppStore|ARM.Deploy.0 = Release|ARM
		{DE33D39E-5446-4D01-8A29-2D151A34828A}.AppStore|iPhone.ActiveCfg = Release|x86
		{DE33D39E-5446-4D01-8A29-2D151A34828A}.AppStore|iPhone.Build.0 = Release|x86
		{DE33D39E-5446-4D01-8A29-2D151A34828A}.AppStore|iPhone.Deploy.0 = Release|x86
		{DE33D39E-5446-4D01-8A29-2D151A34828A}.AppStore|iPhoneSimulator.ActiveCfg = Release|x86
		{DE33D39E-5446-4D01-8A29-2D151A34828A}.AppStore|iPhoneSimulator.Build.0 = Release|x86
		{DE33D39E-5446-4D01-8A29-2D151A34828A}.AppStore|iPhoneSimulator.Deploy.0 = Release|x86
		{DE33D39E-5446-4D01-8A29-2D151A34828A}.AppStore|x64.ActiveCfg = Release|x64
		{DE33D39E-5446-4D01-8A29-2D151A34828A}.AppStore|x64.Build.0 = Release|x64
		{DE33D39E-5446-4D01-8A29-2D151A34828A}.AppStore|x64.Deploy.0 = Release|x64
		{DE33D39E-5446-4D01-8A29-2D151A34828A}.AppStore|x86.ActiveCfg = Release|x86
		{DE33D39E-5446-4D01-8A29-2D151A34828A}.AppStore|x86.Build.0 = Release|x86
		{DE33D39E-5446-4D01-8A29-2D151A34828A}.AppStore|x86.Deploy.0 = Release|x86
		{DE33D39E-5446-4D01-8A29-2D151A34828A}.Debug|Any CPU.ActiveCfg = Debug|x86
		{DE33D39E-5446-4D01-8A29-2D151A34828A}.Debug|Any CPU.Build.0 = Debug|x86
		{DE33D39E-5446-4D01-8A29-2D151A34828A}.Debug|Any CPU.Deploy.0 = Debug|x86
		{DE33D39E-5446-4D01-8A29-2D151A34828A}.Debug|ARM.ActiveCfg = Debug|ARM
		{DE33D39E-5446-4D01-8A29-2D151A34828A}.Debug|ARM.Build.0 = Debug|ARM
		{DE33D39E-5446-4D01-8A29-2D151A34828A}.Debug|ARM.Deploy.0 = Debug|ARM
		{DE33D39E-5446-4D01-8A29-2D151A34828A}.Debug|iPhone.ActiveCfg = Debug|x86
		{DE33D39E-5446-4D01-8A29-2D151A34828A}.Debug|iPhone.Build.0 = Debug|x86
		{DE33D39E-5446-4D01-8A29-2D151A34828A}.Debug|iPhone.Deploy.0 = Debug|x86
		{DE33D39E-5446-4D01-8A29-2D151A34828A}.Debug|iPhoneSimulator.ActiveCfg = Debug|x86
		{DE33D39E-5446-4D01-8A29-2D151A34828A}.Debug|iPhoneSimulator.Build.0 = Debug|x86
		{DE33D39E-5446-4D01-8A29-2D151A34828A}.Debug|iPhoneSimulator.Deploy.0 = Debug|x86
		{DE33D39E-5446-4D01-8A29-2D151A34828A}.Debug|x64.ActiveCfg = Debug|x64
		{DE33D39E-5446-4D01-8A29-2D151A34828A}.Debug|x64.Build.0 = Debug|x64
		{DE33D39E-5446-4D01-8A29-2D151A34828A}.Debug|x64.Deploy.0 = Debug|x64
		{DE33D39E-5446-4D01-8A29-2D151A34828A}.Debug|x86.ActiveCfg = Debug|x86
		{DE33D39E-5446-4D01-8A29-2D151A34828A}.Debug|x86.Build.0 = Debug|x86
		{DE33D39E-5446-4D01-8A29-2D151A34828A}.Debug|x86.Deploy.0 = Debug|x86
		{DE33D39E-5446-4D01-8A29-2D151A34828A}.Release|Any CPU.ActiveCfg = Release|x86
		{DE33D39E-5446-4D01-8A29-2D151A34828A}.Release|Any CPU.Build.0 = Release|x86
		{DE33D39E-5446-4D01-8A29-2D151A34828A}.Release|Any CPU.Deploy.0 = Release|x86
		{DE33D39E-5446-4D01-8A29-2D151A34828A}.Release|ARM.ActiveCfg = Release|ARM
		{DE33D39E-5446-4D01-8A29-2D151A34828A}.Release|ARM.Build.0 = Release|ARM
		{DE33D39E-5446-4D01-8A29-2D151A34828A}.Release|ARM.Deploy.0 = Release|ARM
		{DE33D39E-5446-4D01-8A29-2D151A34828A}.Release|iPhone.ActiveCfg = Release|x86
		{DE33D39E-5446-4D01-8A29-2D151A34828A}.Release|iPhone.Build.0 = Release|x86
		{DE33D39E-5446-4D01-8A29-2D151A34828A}.Release|iPhone.Deploy.0 = Release|x86
		{DE33D39E-5446-4D01-8A29-2D151A34828A}.Release|iPhoneSimulator.ActiveCfg = Release|x86
		{DE33D39E-5446-4D01-8A29-2D151A34828A}.Release|iPhoneSimulator.Build.0 = Release|x86
		{DE33D39E-5446-4D01-8A29-2D151A34828A}.Release|iPhoneSimulator.Deploy.0 = Release|x86
		{DE33D39E-5446-4D01-8A29-2D151A34828A}.Release|x64.ActiveCfg = Release|x64
		{DE33D39E-5446-4D01-8A29-2D151A34828A}.Release|x64.Build.0 = Release|x64
		{DE33D39E-5446-4D01-8A29-2D151A34828A}.Release|x64.Deploy.0 = Release|x64
		{DE33D39E-5446-4D01-8A29-2D151A34828A}.Release|x86.ActiveCfg = Release|x86
		{DE33D39E-5446-4D01-8A29-2D151A34828A}.Release|x86.Build.0 = Release|x86
		{DE33D39E-5446-4D01-8A29-2D151A34828A}.Release|x86.Deploy.0 = Release|x86
		{DFB52446-64F1-4E95-AA1E-25A13B3BBE2D}.Ad-Hoc|Any CPU.ActiveCfg = Debug|Any CPU
		{DFB52446-64F1-4E95-AA1E-25A13B3BBE2D}.Ad-Hoc|Any CPU.Build.0 = Debug|Any CPU
		{DFB52446-64F1-4E95-AA1E-25A13B3BBE2D}.Ad-Hoc|Any CPU.Deploy.0 = Debug|Any CPU
		{DFB52446-64F1-4E95-AA1E-25A13B3BBE2D}.Ad-Hoc|ARM.ActiveCfg = Debug|Any CPU
		{DFB52446-64F1-4E95-AA1E-25A13B3BBE2D}.Ad-Hoc|ARM.Build.0 = Debug|Any CPU
		{DFB52446-64F1-4E95-AA1E-25A13B3BBE2D}.Ad-Hoc|ARM.Deploy.0 = Debug|Any CPU
		{DFB52446-64F1-4E95-AA1E-25A13B3BBE2D}.Ad-Hoc|iPhone.ActiveCfg = Debug|Any CPU
		{DFB52446-64F1-4E95-AA1E-25A13B3BBE2D}.Ad-Hoc|iPhone.Build.0 = Debug|Any CPU
		{DFB52446-64F1-4E95-AA1E-25A13B3BBE2D}.Ad-Hoc|iPhone.Deploy.0 = Debug|Any CPU
		{DFB52446-64F1-4E95-AA1E-25A13B3BBE2D}.Ad-Hoc|iPhoneSimulator.ActiveCfg = Debug|Any CPU
		{DFB52446-64F1-4E95-AA1E-25A13B3BBE2D}.Ad-Hoc|iPhoneSimulator.Build.0 = Debug|Any CPU
		{DFB52446-64F1-4E95-AA1E-25A13B3BBE2D}.Ad-Hoc|iPhoneSimulator.Deploy.0 = Debug|Any CPU
		{DFB52446-64F1-4E95-AA1E-25A13B3BBE2D}.Ad-Hoc|x64.ActiveCfg = Debug|Any CPU
		{DFB52446-64F1-4E95-AA1E-25A13B3BBE2D}.Ad-Hoc|x64.Build.0 = Debug|Any CPU
		{DFB52446-64F1-4E95-AA1E-25A13B3BBE2D}.Ad-Hoc|x64.Deploy.0 = Debug|Any CPU
		{DFB52446-64F1-4E95-AA1E-25A13B3BBE2D}.Ad-Hoc|x86.ActiveCfg = Debug|Any CPU
		{DFB52446-64F1-4E95-AA1E-25A13B3BBE2D}.Ad-Hoc|x86.Build.0 = Debug|Any CPU
		{DFB52446-64F1-4E95-AA1E-25A13B3BBE2D}.Ad-Hoc|x86.Deploy.0 = Debug|Any CPU
		{DFB52446-64F1-4E95-AA1E-25A13B3BBE2D}.AppStore|Any CPU.ActiveCfg = Debug|Any CPU
		{DFB52446-64F1-4E95-AA1E-25A13B3BBE2D}.AppStore|Any CPU.Build.0 = Debug|Any CPU
		{DFB52446-64F1-4E95-AA1E-25A13B3BBE2D}.AppStore|Any CPU.Deploy.0 = Debug|Any CPU
		{DFB52446-64F1-4E95-AA1E-25A13B3BBE2D}.AppStore|ARM.ActiveCfg = Debug|Any CPU
		{DFB52446-64F1-4E95-AA1E-25A13B3BBE2D}.AppStore|ARM.Build.0 = Debug|Any CPU
		{DFB52446-64F1-4E95-AA1E-25A13B3BBE2D}.AppStore|ARM.Deploy.0 = Debug|Any CPU
		{DFB52446-64F1-4E95-AA1E-25A13B3BBE2D}.AppStore|iPhone.ActiveCfg = Debug|Any CPU
		{DFB52446-64F1-4E95-AA1E-25A13B3BBE2D}.AppStore|iPhone.Build.0 = Debug|Any CPU
		{DFB52446-64F1-4E95-AA1E-25A13B3BBE2D}.AppStore|iPhone.Deploy.0 = Debug|Any CPU
		{DFB52446-64F1-4E95-AA1E-25A13B3BBE2D}.AppStore|iPhoneSimulator.ActiveCfg = Debug|Any CPU
		{DFB52446-64F1-4E95-AA1E-25A13B3BBE2D}.AppStore|iPhoneSimulator.Build.0 = Debug|Any CPU
		{DFB52446-64F1-4E95-AA1E-25A13B3BBE2D}.AppStore|iPhoneSimulator.Deploy.0 = Debug|Any CPU
		{DFB52446-64F1-4E95-AA1E-25A13B3BBE2D}.AppStore|x64.ActiveCfg = Debug|Any CPU
		{DFB52446-64F1-4E95-AA1E-25A13B3BBE2D}.AppStore|x64.Build.0 = Debug|Any CPU
		{DFB52446-64F1-4E95-AA1E-25A13B3BBE2D}.AppStore|x64.Deploy.0 = Debug|Any CPU
		{DFB52446-64F1-4E95-AA1E-25A13B3BBE2D}.AppStore|x86.ActiveCfg = Debug|Any CPU
		{DFB52446-64F1-4E95-AA1E-25A13B3BBE2D}.AppStore|x86.Build.0 = Debug|Any CPU
		{DFB52446-64F1-4E95-AA1E-25A13B3BBE2D}.AppStore|x86.Deploy.0 = Debug|Any CPU
		{DFB52446-64F1-4E95-AA1E-25A13B3BBE2D}.Debug|Any CPU.ActiveCfg = Debug|Any CPU
		{DFB52446-64F1-4E95-AA1E-25A13B3BBE2D}.Debug|Any CPU.Build.0 = Debug|Any CPU
		{DFB52446-64F1-4E95-AA1E-25A13B3BBE2D}.Debug|Any CPU.Deploy.0 = Debug|Any CPU
		{DFB52446-64F1-4E95-AA1E-25A13B3BBE2D}.Debug|ARM.ActiveCfg = Debug|Any CPU
		{DFB52446-64F1-4E95-AA1E-25A13B3BBE2D}.Debug|ARM.Build.0 = Debug|Any CPU
		{DFB52446-64F1-4E95-AA1E-25A13B3BBE2D}.Debug|ARM.Deploy.0 = Debug|Any CPU
		{DFB52446-64F1-4E95-AA1E-25A13B3BBE2D}.Debug|iPhone.ActiveCfg = Debug|Any CPU
		{DFB52446-64F1-4E95-AA1E-25A13B3BBE2D}.Debug|iPhone.Build.0 = Debug|Any CPU
		{DFB52446-64F1-4E95-AA1E-25A13B3BBE2D}.Debug|iPhone.Deploy.0 = Debug|Any CPU
		{DFB52446-64F1-4E95-AA1E-25A13B3BBE2D}.Debug|iPhoneSimulator.ActiveCfg = Debug|Any CPU
		{DFB52446-64F1-4E95-AA1E-25A13B3BBE2D}.Debug|iPhoneSimulator.Build.0 = Debug|Any CPU
		{DFB52446-64F1-4E95-AA1E-25A13B3BBE2D}.Debug|iPhoneSimulator.Deploy.0 = Debug|Any CPU
		{DFB52446-64F1-4E95-AA1E-25A13B3BBE2D}.Debug|x64.ActiveCfg = Debug|Any CPU
		{DFB52446-64F1-4E95-AA1E-25A13B3BBE2D}.Debug|x64.Build.0 = Debug|Any CPU
		{DFB52446-64F1-4E95-AA1E-25A13B3BBE2D}.Debug|x64.Deploy.0 = Debug|Any CPU
		{DFB52446-64F1-4E95-AA1E-25A13B3BBE2D}.Debug|x86.ActiveCfg = Debug|Any CPU
		{DFB52446-64F1-4E95-AA1E-25A13B3BBE2D}.Debug|x86.Build.0 = Debug|Any CPU
		{DFB52446-64F1-4E95-AA1E-25A13B3BBE2D}.Debug|x86.Deploy.0 = Debug|Any CPU
		{DFB52446-64F1-4E95-AA1E-25A13B3BBE2D}.Release|Any CPU.ActiveCfg = Release|Any CPU
		{DFB52446-64F1-4E95-AA1E-25A13B3BBE2D}.Release|Any CPU.Build.0 = Release|Any CPU
		{DFB52446-64F1-4E95-AA1E-25A13B3BBE2D}.Release|Any CPU.Deploy.0 = Release|Any CPU
		{DFB52446-64F1-4E95-AA1E-25A13B3BBE2D}.Release|ARM.ActiveCfg = Release|Any CPU
		{DFB52446-64F1-4E95-AA1E-25A13B3BBE2D}.Release|ARM.Build.0 = Release|Any CPU
		{DFB52446-64F1-4E95-AA1E-25A13B3BBE2D}.Release|ARM.Deploy.0 = Release|Any CPU
		{DFB52446-64F1-4E95-AA1E-25A13B3BBE2D}.Release|iPhone.ActiveCfg = Release|Any CPU
		{DFB52446-64F1-4E95-AA1E-25A13B3BBE2D}.Release|iPhone.Build.0 = Release|Any CPU
		{DFB52446-64F1-4E95-AA1E-25A13B3BBE2D}.Release|iPhone.Deploy.0 = Release|Any CPU
		{DFB52446-64F1-4E95-AA1E-25A13B3BBE2D}.Release|iPhoneSimulator.ActiveCfg = Release|Any CPU
		{DFB52446-64F1-4E95-AA1E-25A13B3BBE2D}.Release|iPhoneSimulator.Build.0 = Release|Any CPU
		{DFB52446-64F1-4E95-AA1E-25A13B3BBE2D}.Release|iPhoneSimulator.Deploy.0 = Release|Any CPU
		{DFB52446-64F1-4E95-AA1E-25A13B3BBE2D}.Release|x64.ActiveCfg = Release|Any CPU
		{DFB52446-64F1-4E95-AA1E-25A13B3BBE2D}.Release|x64.Build.0 = Release|Any CPU
		{DFB52446-64F1-4E95-AA1E-25A13B3BBE2D}.Release|x64.Deploy.0 = Release|Any CPU
		{DFB52446-64F1-4E95-AA1E-25A13B3BBE2D}.Release|x86.ActiveCfg = Release|Any CPU
		{DFB52446-64F1-4E95-AA1E-25A13B3BBE2D}.Release|x86.Build.0 = Release|Any CPU
		{DFB52446-64F1-4E95-AA1E-25A13B3BBE2D}.Release|x86.Deploy.0 = Release|Any CPU
	EndGlobalSection
	GlobalSection(SolutionProperties) = preSolution
		HideSolutionNode = FALSE
	EndGlobalSection
	GlobalSection(ExtensibilityGlobals) = postSolution
		SolutionGuid = {3CDF2DB9-5DBB-4AFC-A80E-E822C10C5504}
	EndGlobalSection
EndGlobal
